
Microsoft Visual Studio Solution File, Format Version 12.00
# Visual Studio Version 16
VisualStudioVersion = 16.0.29905.134
MinimumVisualStudioVersion = 10.0.40219.1
Project("{FAE04EC0-301F-11D3-BF4B-00C04F79EFBC}") = "OderForm", "OderForm\OderForm.csproj", "{2CC91ADD-94FB-46CD-911F-8E212CC7D4EC}"
EndProject
Global
	GlobalSection(SolutionConfigurationPlatforms) = preSolution
		Debug|Any CPU = Debug|Any CPU
		Release|Any CPU = Release|Any CPU
	EndGlobalSection
	GlobalSection(ProjectConfigurationPlatforms) = postSolution
		{2CC91ADD-94FB-46CD-911F-8E212CC7D4EC}.Debug|Any CPU.ActiveCfg = Debug|Any CPU
		{2CC91ADD-94FB-46CD-911F-8E212CC7D4EC}.Debug|Any CPU.Build.0 = Debug|Any CPU
		{2CC91ADD-94FB-46CD-911F-8E212CC7D4EC}.Release|Any CPU.ActiveCfg = Release|Any CPU
		{2CC91ADD-94FB-46CD-911F-8E212CC7D4EC}.Release|Any CPU.Build.0 = Release|Any CPU
	EndGlobalSection
	GlobalSection(SolutionProperties) = preSolution
		HideSolutionNode = FALSE
	EndGlobalSection
	GlobalSection(ExtensibilityGlobals) = postSolution
		SolutionGuid = {77810F5D-3629-4714-806D-100ACC0B1F24}
	EndGlobalSection
EndGlobal
